
Microsoft Visual Studio Solution File, Format Version 12.00
# Visual Studio 15
VisualStudioVersion = 15.0.27130.2026
MinimumVisualStudioVersion = 10.0.40219.1
Project("{2150E333-8FDC-42A3-9474-1A3956D46DE8}") = "Solution Items", "Solution Items", "{6E7C5617-566F-41FC-8499-E949A86BADAF}"
	ProjectSection(SolutionItems) = preProject
		publishing docker notes.txt = publishing docker notes.txt
		TODO.txt = TODO.txt
	EndProjectSection
EndProject
Project("{9A19103F-16F7-4668-BE54-9A1E7A4F7556}") = "PossumLabs.Specflow.Slipka", "PossumLabs.Specflow.Slipka\PossumLabs.Specflow.Slipka.csproj", "{1F097083-3C8F-4E38-A2EF-6544E1CA0AFD}"
EndProject
Project("{9A19103F-16F7-4668-BE54-9A1E7A4F7556}") = "Slipka.Test", "..\Slipka.Test\Slipka.Test.csproj", "{B94BACAE-5B17-4EE9-8507-1F3906EC43CD}"
EndProject
Project("{9A19103F-16F7-4668-BE54-9A1E7A4F7556}") = "Slipka", "Slipka\Slipka.csproj", "{C279D816-01D7-4CC6-9F29-C326D41B7839}"
EndProject
Project("{9A19103F-16F7-4668-BE54-9A1E7A4F7556}") = "Microsoft.AspNetCore.Proxy", "Microsoft.AspNetCore.Proxy\Microsoft.AspNetCore.Proxy.csproj", "{158E97D1-F04B-4ED8-8B35-8C2EE8AF4044}"
EndProject
Global
	GlobalSection(SolutionConfigurationPlatforms) = preSolution
		Debug|Any CPU = Debug|Any CPU
		Release|Any CPU = Release|Any CPU
	EndGlobalSection
	GlobalSection(ProjectConfigurationPlatforms) = postSolution
		{1F097083-3C8F-4E38-A2EF-6544E1CA0AFD}.Debug|Any CPU.ActiveCfg = Debug|Any CPU
		{1F097083-3C8F-4E38-A2EF-6544E1CA0AFD}.Debug|Any CPU.Build.0 = Debug|Any CPU
		{1F097083-3C8F-4E38-A2EF-6544E1CA0AFD}.Release|Any CPU.ActiveCfg = Release|Any CPU
		{1F097083-3C8F-4E38-A2EF-6544E1CA0AFD}.Release|Any CPU.Build.0 = Release|Any CPU
		{B94BACAE-5B17-4EE9-8507-1F3906EC43CD}.Debug|Any CPU.ActiveCfg = Debug|Any CPU
		{B94BACAE-5B17-4EE9-8507-1F3906EC43CD}.Debug|Any CPU.Build.0 = Debug|Any CPU
		{B94BACAE-5B17-4EE9-8507-1F3906EC43CD}.Release|Any CPU.ActiveCfg = Release|Any CPU
		{B94BACAE-5B17-4EE9-8507-1F3906EC43CD}.Release|Any CPU.Build.0 = Release|Any CPU
		{C279D816-01D7-4CC6-9F29-C326D41B7839}.Debug|Any CPU.ActiveCfg = Debug|Any CPU
		{C279D816-01D7-4CC6-9F29-C326D41B7839}.Debug|Any CPU.Build.0 = Debug|Any CPU
		{C279D816-01D7-4CC6-9F29-C326D41B7839}.Release|Any CPU.ActiveCfg = Release|Any CPU
		{C279D816-01D7-4CC6-9F29-C326D41B7839}.Release|Any CPU.Build.0 = Release|Any CPU
		{158E97D1-F04B-4ED8-8B35-8C2EE8AF4044}.Debug|Any CPU.ActiveCfg = Debug|Any CPU
		{158E97D1-F04B-4ED8-8B35-8C2EE8AF4044}.Debug|Any CPU.Build.0 = Debug|Any CPU
		{158E97D1-F04B-4ED8-8B35-8C2EE8AF4044}.Release|Any CPU.ActiveCfg = Release|Any CPU
		{158E97D1-F04B-4ED8-8B35-8C2EE8AF4044}.Release|Any CPU.Build.0 = Release|Any CPU
	EndGlobalSection
	GlobalSection(SolutionProperties) = preSolution
		HideSolutionNode = FALSE
	EndGlobalSection
	GlobalSection(ExtensibilityGlobals) = postSolution
		SolutionGuid = {39ACC678-3F6C-4958-BBC2-D8CBBE13A6E1}
	EndGlobalSection
EndGlobal
